{
  "name": "myprofile",
  "version": "0.0.1",
  "lockfileVersion": 3,
  "requires": true,
  "packages": {
    "": {
      "name": "myprofile",
      "version": "0.0.1",
      "dependencies": {
        "astro": "latest"
      },
      "devDependencies": {
        "@astrojs/check": "latest",
        "typescript": "latest"
      }
    }
  }
}
